
Microsoft Visual Studio Solution File, Format Version 12.00
# Visual Studio Version 16
VisualStudioVersion = 16.0.29926.136
MinimumVisualStudioVersion = 10.0.40219.1
Project("{FAE04EC0-301F-11D3-BF4B-00C04F79EFBC}") = "Rational", "Rational\Rational.csproj", "{5BC17632-12CF-4B2D-8722-AD9DF5A0AB73}"
EndProject
Global
	GlobalSection(SolutionConfigurationPlatforms) = preSolution
		Debug|Any CPU = Debug|Any CPU
		Release|Any CPU = Release|Any CPU
	EndGlobalSection
	GlobalSection(ProjectConfigurationPlatforms) = postSolution
		{5BC17632-12CF-4B2D-8722-AD9DF5A0AB73}.Debug|Any CPU.ActiveCfg = Debug|Any CPU
		{5BC17632-12CF-4B2D-8722-AD9DF5A0AB73}.Debug|Any CPU.Build.0 = Debug|Any CPU
		{5BC17632-12CF-4B2D-8722-AD9DF5A0AB73}.Release|Any CPU.ActiveCfg = Release|Any CPU
		{5BC17632-12CF-4B2D-8722-AD9DF5A0AB73}.Release|Any CPU.Build.0 = Release|Any CPU
	EndGlobalSection
	GlobalSection(SolutionProperties) = preSolution
		HideSolutionNode = FALSE
	EndGlobalSection
	GlobalSection(ExtensibilityGlobals) = postSolution
		SolutionGuid = {0A193A0A-7E32-47EE-8D84-BF0A310780B0}
	EndGlobalSection
EndGlobal
