
Microsoft Visual Studio Solution File, Format Version 12.00
# Visual Studio Version 16
VisualStudioVersion = 16.0.29609.76
MinimumVisualStudioVersion = 10.0.40219.1
Project("{FAE04EC0-301F-11D3-BF4B-00C04F79EFBC}") = "Probleme FP 1", "Probleme FP 1\Probleme FP 1.csproj", "{429C03B4-3649-4B06-8E43-AC7FF7758D0F}"
EndProject
Global
	GlobalSection(SolutionConfigurationPlatforms) = preSolution
		Debug|Any CPU = Debug|Any CPU
		Release|Any CPU = Release|Any CPU
	EndGlobalSection
	GlobalSection(ProjectConfigurationPlatforms) = postSolution
		{429C03B4-3649-4B06-8E43-AC7FF7758D0F}.Debug|Any CPU.ActiveCfg = Debug|Any CPU
		{429C03B4-3649-4B06-8E43-AC7FF7758D0F}.Debug|Any CPU.Build.0 = Debug|Any CPU
		{429C03B4-3649-4B06-8E43-AC7FF7758D0F}.Release|Any CPU.ActiveCfg = Release|Any CPU
		{429C03B4-3649-4B06-8E43-AC7FF7758D0F}.Release|Any CPU.Build.0 = Release|Any CPU
	EndGlobalSection
	GlobalSection(SolutionProperties) = preSolution
		HideSolutionNode = FALSE
	EndGlobalSection
	GlobalSection(ExtensibilityGlobals) = postSolution
		SolutionGuid = {9390A3D0-D072-4E64-AE93-DF06DBD3AC35}
	EndGlobalSection
EndGlobal
