
Microsoft Visual Studio Solution File, Format Version 12.00
# Visual Studio Version 16
VisualStudioVersion = 16.0.29609.76
MinimumVisualStudioVersion = 10.0.40219.1
Project("{FAE04EC0-301F-11D3-BF4B-00C04F79EFBC}") = "Tema facultativa", "Tema facultativa\Tema facultativa.csproj", "{68384D5C-7274-4CC3-BC86-3175C82BBAD8}"
EndProject
Global
	GlobalSection(SolutionConfigurationPlatforms) = preSolution
		Debug|Any CPU = Debug|Any CPU
		Release|Any CPU = Release|Any CPU
	EndGlobalSection
	GlobalSection(ProjectConfigurationPlatforms) = postSolution
		{68384D5C-7274-4CC3-BC86-3175C82BBAD8}.Debug|Any CPU.ActiveCfg = Debug|Any CPU
		{68384D5C-7274-4CC3-BC86-3175C82BBAD8}.Debug|Any CPU.Build.0 = Debug|Any CPU
		{68384D5C-7274-4CC3-BC86-3175C82BBAD8}.Release|Any CPU.ActiveCfg = Release|Any CPU
		{68384D5C-7274-4CC3-BC86-3175C82BBAD8}.Release|Any CPU.Build.0 = Release|Any CPU
	EndGlobalSection
	GlobalSection(SolutionProperties) = preSolution
		HideSolutionNode = FALSE
	EndGlobalSection
	GlobalSection(ExtensibilityGlobals) = postSolution
		SolutionGuid = {6A8E76C3-7B4D-4C6A-8697-E90A2006A1B6}
	EndGlobalSection
EndGlobal
