
Microsoft Visual Studio Solution File, Format Version 12.00
# Visual Studio Version 16
VisualStudioVersion = 16.0.29609.76
MinimumVisualStudioVersion = 10.0.40219.1
Project("{FAE04EC0-301F-11D3-BF4B-00C04F79EFBC}") = "huru", "huru\huru.csproj", "{5CA8C3A5-7700-4240-B9EB-00123713D829}"
EndProject
Global
	GlobalSection(SolutionConfigurationPlatforms) = preSolution
		Debug|Any CPU = Debug|Any CPU
		Release|Any CPU = Release|Any CPU
	EndGlobalSection
	GlobalSection(ProjectConfigurationPlatforms) = postSolution
		{5CA8C3A5-7700-4240-B9EB-00123713D829}.Debug|Any CPU.ActiveCfg = Debug|Any CPU
		{5CA8C3A5-7700-4240-B9EB-00123713D829}.Debug|Any CPU.Build.0 = Debug|Any CPU
		{5CA8C3A5-7700-4240-B9EB-00123713D829}.Release|Any CPU.ActiveCfg = Release|Any CPU
		{5CA8C3A5-7700-4240-B9EB-00123713D829}.Release|Any CPU.Build.0 = Release|Any CPU
	EndGlobalSection
	GlobalSection(SolutionProperties) = preSolution
		HideSolutionNode = FALSE
	EndGlobalSection
	GlobalSection(ExtensibilityGlobals) = postSolution
		SolutionGuid = {C1D6464F-B03E-49DD-8B60-4FBE9B4A22D1}
	EndGlobalSection
EndGlobal
