
Microsoft Visual Studio Solution File, Format Version 12.00
# Visual Studio Version 16
VisualStudioVersion = 16.0.29920.165
MinimumVisualStudioVersion = 10.0.40219.1
Project("{FAE04EC0-301F-11D3-BF4B-00C04F79EFBC}") = "PlayingCard", "PlayingCard\PlayingCard.csproj", "{2AB4E069-7204-4FED-9F8F-8FB2B7529FD0}"
EndProject
Global
	GlobalSection(SolutionConfigurationPlatforms) = preSolution
		Debug|Any CPU = Debug|Any CPU
		Release|Any CPU = Release|Any CPU
	EndGlobalSection
	GlobalSection(ProjectConfigurationPlatforms) = postSolution
		{2AB4E069-7204-4FED-9F8F-8FB2B7529FD0}.Debug|Any CPU.ActiveCfg = Debug|Any CPU
		{2AB4E069-7204-4FED-9F8F-8FB2B7529FD0}.Debug|Any CPU.Build.0 = Debug|Any CPU
		{2AB4E069-7204-4FED-9F8F-8FB2B7529FD0}.Release|Any CPU.ActiveCfg = Release|Any CPU
		{2AB4E069-7204-4FED-9F8F-8FB2B7529FD0}.Release|Any CPU.Build.0 = Release|Any CPU
	EndGlobalSection
	GlobalSection(SolutionProperties) = preSolution
		HideSolutionNode = FALSE
	EndGlobalSection
	GlobalSection(ExtensibilityGlobals) = postSolution
		SolutionGuid = {040007AA-4B7E-4ED8-B54C-6A23D0E01B58}
	EndGlobalSection
EndGlobal
